
Microsoft Visual Studio Solution File, Format Version 12.00
# Visual Studio Version 16
VisualStudioVersion = 16.0.30225.117
MinimumVisualStudioVersion = 10.0.40219.1
Project("{FAE04EC0-301F-11D3-BF4B-00C04F79EFBC}") = "SniperClassic", "SniperClassic\SniperClassic.csproj", "{179D6BAA-2465-4823-97B6-2F1467F8085D}"
EndProject
Global
	GlobalSection(SolutionConfigurationPlatforms) = preSolution
		Debug|Any CPU = Debug|Any CPU
		Release|Any CPU = Release|Any CPU
	EndGlobalSection
	GlobalSection(ProjectConfigurationPlatforms) = postSolution
		{179D6BAA-2465-4823-97B6-2F1467F8085D}.Debug|Any CPU.ActiveCfg = Debug|Any CPU
		{179D6BAA-2465-4823-97B6-2F1467F8085D}.Debug|Any CPU.Build.0 = Debug|Any CPU
		{179D6BAA-2465-4823-97B6-2F1467F8085D}.Release|Any CPU.ActiveCfg = Release|Any CPU
		{179D6BAA-2465-4823-97B6-2F1467F8085D}.Release|Any CPU.Build.0 = Release|Any CPU
	EndGlobalSection
	GlobalSection(SolutionProperties) = preSolution
		HideSolutionNode = FALSE
	EndGlobalSection
	GlobalSection(ExtensibilityGlobals) = postSolution
		SolutionGuid = {558B6F22-7540-4508-BB06-2A63DAAC157D}
	EndGlobalSection
EndGlobal
